
Microsoft Visual Studio Solution File, Format Version 12.00
# Visual Studio 15
VisualStudioVersion = 15.0.27428.2005
MinimumVisualStudioVersion = 10.0.40219.1
Project("{FAE04EC0-301F-11D3-BF4B-00C04F79EFBC}") = "GraphDemo", "GraphDemo\GraphDemo.csproj", "{B68321B7-253C-4432-B39E-719B99A84121}"
EndProject
Project("{FAE04EC0-301F-11D3-BF4B-00C04F79EFBC}") = "GraphDemo.GUI", "GraphDemo.GUI\GraphDemo.GUI.csproj", "{01ABAFDC-1387-4007-85B0-D0E34EBFD36A}"
EndProject
Global
	GlobalSection(SolutionConfigurationPlatforms) = preSolution
		Debug|Any CPU = Debug|Any CPU
		Release|Any CPU = Release|Any CPU
	EndGlobalSection
	GlobalSection(ProjectConfigurationPlatforms) = postSolution
		{B68321B7-253C-4432-B39E-719B99A84121}.Debug|Any CPU.ActiveCfg = Debug|Any CPU
		{B68321B7-253C-4432-B39E-719B99A84121}.Debug|Any CPU.Build.0 = Debug|Any CPU
		{B68321B7-253C-4432-B39E-719B99A84121}.Release|Any CPU.ActiveCfg = Release|Any CPU
		{B68321B7-253C-4432-B39E-719B99A84121}.Release|Any CPU.Build.0 = Release|Any CPU
		{01ABAFDC-1387-4007-85B0-D0E34EBFD36A}.Debug|Any CPU.ActiveCfg = Debug|Any CPU
		{01ABAFDC-1387-4007-85B0-D0E34EBFD36A}.Debug|Any CPU.Build.0 = Debug|Any CPU
		{01ABAFDC-1387-4007-85B0-D0E34EBFD36A}.Release|Any CPU.ActiveCfg = Release|Any CPU
		{01ABAFDC-1387-4007-85B0-D0E34EBFD36A}.Release|Any CPU.Build.0 = Release|Any CPU
	EndGlobalSection
	GlobalSection(SolutionProperties) = preSolution
		HideSolutionNode = FALSE
	EndGlobalSection
	GlobalSection(ExtensibilityGlobals) = postSolution
		SolutionGuid = {05F7F108-7FA5-4116-9B1B-D838F3F16820}
	EndGlobalSection
EndGlobal
